
Microsoft Visual Studio Solution File, Format Version 12.00
# Visual Studio Version 16
VisualStudioVersion = 16.0.31702.278
MinimumVisualStudioVersion = 10.0.40219.1
Project("{9A19103F-16F7-4668-BE54-9A1E7A4F7556}") = "Evaluation.Services.Api.Geo", "Evaluation.Services.Api.Geo.csproj", "{B6E99667-0BE6-4E02-A436-302BC54CD2C3}"
EndProject
Project("{9A19103F-16F7-4668-BE54-9A1E7A4F7556}") = "Evaluation.Services.Infrastructure", "..\Evaluation.Services.Infrastructure\Evaluation.Services.Infrastructure.csproj", "{1A0DF149-D56E-48AA-9A74-6730733F745E}"
EndProject
Project("{FAE04EC0-301F-11D3-BF4B-00C04F79EFBC}") = "Evaluation.Services.Application", "..\Evaluation.Services.Application\Evaluation.Services.Application.csproj", "{673AA783-6B8A-4047-91F9-05C416083270}"
EndProject
Project("{9A19103F-16F7-4668-BE54-9A1E7A4F7556}") = "Evaluation.Services.Domain", "..\Evaluation.Services.Domain\Evaluation.Services.Domain.csproj", "{76F88E2A-76CC-4F04-81AF-AB2743028391}"
EndProject
Project("{2150E333-8FDC-42A3-9474-1A3956D46DE8}") = "MicroService.Geo", "MicroService.Geo", "{BE8E4FA7-47E7-43E5-904F-18D3F3061A07}"
EndProject
Project("{2150E333-8FDC-42A3-9474-1A3956D46DE8}") = "MicroService.GeoCode", "MicroService.GeoCode", "{47B5A413-6DA4-4439-BE80-CF808BB90EEB}"
EndProject
Global
	GlobalSection(SolutionConfigurationPlatforms) = preSolution
		Debug|Any CPU = Debug|Any CPU
		Release|Any CPU = Release|Any CPU
	EndGlobalSection
	GlobalSection(ProjectConfigurationPlatforms) = postSolution
		{B6E99667-0BE6-4E02-A436-302BC54CD2C3}.Debug|Any CPU.ActiveCfg = Debug|Any CPU
		{B6E99667-0BE6-4E02-A436-302BC54CD2C3}.Debug|Any CPU.Build.0 = Debug|Any CPU
		{B6E99667-0BE6-4E02-A436-302BC54CD2C3}.Release|Any CPU.ActiveCfg = Release|Any CPU
		{B6E99667-0BE6-4E02-A436-302BC54CD2C3}.Release|Any CPU.Build.0 = Release|Any CPU
		{1A0DF149-D56E-48AA-9A74-6730733F745E}.Debug|Any CPU.ActiveCfg = Debug|Any CPU
		{1A0DF149-D56E-48AA-9A74-6730733F745E}.Debug|Any CPU.Build.0 = Debug|Any CPU
		{1A0DF149-D56E-48AA-9A74-6730733F745E}.Release|Any CPU.ActiveCfg = Release|Any CPU
		{1A0DF149-D56E-48AA-9A74-6730733F745E}.Release|Any CPU.Build.0 = Release|Any CPU
		{673AA783-6B8A-4047-91F9-05C416083270}.Debug|Any CPU.ActiveCfg = Debug|Any CPU
		{673AA783-6B8A-4047-91F9-05C416083270}.Debug|Any CPU.Build.0 = Debug|Any CPU
		{673AA783-6B8A-4047-91F9-05C416083270}.Release|Any CPU.ActiveCfg = Release|Any CPU
		{673AA783-6B8A-4047-91F9-05C416083270}.Release|Any CPU.Build.0 = Release|Any CPU
		{76F88E2A-76CC-4F04-81AF-AB2743028391}.Debug|Any CPU.ActiveCfg = Debug|Any CPU
		{76F88E2A-76CC-4F04-81AF-AB2743028391}.Debug|Any CPU.Build.0 = Debug|Any CPU
		{76F88E2A-76CC-4F04-81AF-AB2743028391}.Release|Any CPU.ActiveCfg = Release|Any CPU
		{76F88E2A-76CC-4F04-81AF-AB2743028391}.Release|Any CPU.Build.0 = Release|Any CPU
	EndGlobalSection
	GlobalSection(SolutionProperties) = preSolution
		HideSolutionNode = FALSE
	EndGlobalSection
	GlobalSection(NestedProjects) = preSolution
		{B6E99667-0BE6-4E02-A436-302BC54CD2C3} = {BE8E4FA7-47E7-43E5-904F-18D3F3061A07}
		{1A0DF149-D56E-48AA-9A74-6730733F745E} = {BE8E4FA7-47E7-43E5-904F-18D3F3061A07}
		{673AA783-6B8A-4047-91F9-05C416083270} = {BE8E4FA7-47E7-43E5-904F-18D3F3061A07}
		{76F88E2A-76CC-4F04-81AF-AB2743028391} = {BE8E4FA7-47E7-43E5-904F-18D3F3061A07}
	EndGlobalSection
	GlobalSection(ExtensibilityGlobals) = postSolution
		SolutionGuid = {02F3FD4D-45E7-4685-B8E7-20850FAFD19C}
	EndGlobalSection
EndGlobal
